{
  "version": 4,
  "terraform_version": "1.5.2",
  "serial": 130,
  "lineage": "a4ac0940-bdd7-5d78-4910-81d8e6959cb4",
  "outputs": {
    "private_ips": {
      "value": [
        "172.31.46.215",
        "172.31.32.45",
        "172.31.45.15",
        "172.31.46.87",
        "172.31.46.252"
      ],
      "type": [
        "tuple",
        [
          "string",
          "string",
          "string",
          "string",
          "string"
        ]
      ]
    },
    "public_ips": {
      "value": [
        "18.212.128.62",
        "54.162.111.46",
        "35.153.203.63",
        "54.166.179.5",
        "34.229.225.136"
      ],
      "type": [
        "tuple",
        [
          "string",
          "string",
          "string",
          "string",
          "string"
        ]
      ]
    }
  },
  "resources": [
    {
      "mode": "data",
      "type": "aws_ami",
      "name": "rhel",
      "provider": "provider[\"registry.terraform.io/hashicorp/aws\"]",
      "instances": [
        {
          "schema_version": 0,
          "attributes": {
            "architecture": "x86_64",
            "arn": "arn:aws:ec2:us-east-1::image/ami-069f3b517602616ce",
            "block_device_mappings": [
              {
                "device_name": "/dev/sda1",
                "ebs": {
                  "delete_on_termination": "true",
                  "encrypted": "false",
                  "iops": "0",
                  "snapshot_id": "snap-00a688d18719aa091",
                  "throughput": "0",
                  "volume_size": "10",
                  "volume_type": "gp3"
                },
                "no_device": "",
                "virtual_name": ""
              }
            ],
            "boot_mode": "",
            "creation_date": "2023-11-16T23:19:53.000Z",
            "deprecation_time": "2025-11-16T23:19:53.000Z",
            "description": "Provided by Red Hat, Inc.",
            "ena_support": true,
            "executable_users": null,
            "filter": [
              {
                "name": "name",
                "values": [
                  "RHEL-9.*"
                ]
              }
            ],
            "hypervisor": "xen",
            "id": "ami-069f3b517602616ce",
            "image_id": "ami-069f3b517602616ce",
            "image_location": "amazon/RHEL-9.2.0_HVM-20231115-x86_64-23-Hourly2-GP3",
            "image_owner_alias": "amazon",
            "image_type": "machine",
            "imds_support": "",
            "include_deprecated": false,
            "kernel_id": "",
            "most_recent": true,
            "name": "RHEL-9.2.0_HVM-20231115-x86_64-23-Hourly2-GP3",
            "name_regex": null,
            "owner_id": "309956199498",
            "owners": [
              "309956199498"
            ],
            "platform": "",
            "platform_details": "Red Hat Enterprise Linux",
            "product_codes": [],
            "public": true,
            "ramdisk_id": "",
            "root_device_name": "/dev/sda1",
            "root_device_type": "ebs",
            "root_snapshot_id": "snap-00a688d18719aa091",
            "sriov_net_support": "simple",
            "state": "available",
            "state_reason": {
              "code": "UNSET",
              "message": "UNSET"
            },
            "tags": {},
            "timeouts": null,
            "tpm_support": "",
            "usage_operation": "RunInstances:0010",
            "virtualization_type": "hvm"
          },
          "sensitive_attributes": []
        }
      ]
    },
    {
      "mode": "data",
      "type": "aws_ami",
      "name": "ubuntu",
      "provider": "provider[\"registry.terraform.io/hashicorp/aws\"]",
      "instances": [
        {
          "schema_version": 0,
          "attributes": {
            "architecture": "x86_64",
            "arn": "arn:aws:ec2:us-east-1::image/ami-027a754129abb5386",
            "block_device_mappings": [
              {
                "device_name": "/dev/sda1",
                "ebs": {
                  "delete_on_termination": "true",
                  "encrypted": "false",
                  "iops": "0",
                  "snapshot_id": "snap-0a5f4f04d020b4bfb",
                  "throughput": "0",
                  "volume_size": "8",
                  "volume_type": "gp2"
                },
                "no_device": "",
                "virtual_name": ""
              },
              {
                "device_name": "/dev/sdb",
                "ebs": {},
                "no_device": "",
                "virtual_name": "ephemeral0"
              },
              {
                "device_name": "/dev/sdc",
                "ebs": {},
                "no_device": "",
                "virtual_name": "ephemeral1"
              }
            ],
            "boot_mode": "legacy-bios",
            "creation_date": "2023-12-08T23:22:13.000Z",
            "deprecation_time": "2025-12-08T23:22:13.000Z",
            "description": "Canonical, Ubuntu, 20.04 LTS, amd64 focal image build on 2023-12-08",
            "ena_support": true,
            "executable_users": null,
            "filter": [
              {
                "name": "name",
                "values": [
                  "ubuntu/images/hvm-ssd/*20.04-amd64-server-*"
                ]
              },
              {
                "name": "virtualization-type",
                "values": [
                  "hvm"
                ]
              }
            ],
            "hypervisor": "xen",
            "id": "ami-027a754129abb5386",
            "image_id": "ami-027a754129abb5386",
            "image_location": "amazon/ubuntu/images/hvm-ssd/ubuntu-focal-20.04-amd64-server-20231208",
            "image_owner_alias": "amazon",
            "image_type": "machine",
            "imds_support": "",
            "include_deprecated": false,
            "kernel_id": "",
            "most_recent": true,
            "name": "ubuntu/images/hvm-ssd/ubuntu-focal-20.04-amd64-server-20231208",
            "name_regex": null,
            "owner_id": "099720109477",
            "owners": [
              "099720109477"
            ],
            "platform": "",
            "platform_details": "Linux/UNIX",
            "product_codes": [],
            "public": true,
            "ramdisk_id": "",
            "root_device_name": "/dev/sda1",
            "root_device_type": "ebs",
            "root_snapshot_id": "snap-0a5f4f04d020b4bfb",
            "sriov_net_support": "simple",
            "state": "available",
            "state_reason": {
              "code": "UNSET",
              "message": "UNSET"
            },
            "tags": {},
            "timeouts": null,
            "tpm_support": "",
            "usage_operation": "RunInstances",
            "virtualization_type": "hvm"
          },
          "sensitive_attributes": []
        }
      ]
    },
    {
      "mode": "data",
      "type": "template_file",
      "name": "init_script",
      "provider": "provider[\"registry.terraform.io/hashicorp/template\"]",
      "instances": [
        {
          "schema_version": 0,
          "attributes": {
            "filename": null,
            "id": "71a0af6bd0cc5bec4fbe4cef66c2824708359540bc014c67b083624892e009d6",
            "rendered": "#!/bin/bash\nexec 3\u003e\u00261 4\u003e\u00262\ntrap 'exec 2\u003e\u00264 1\u003e\u00263' 0 1 2 3\nexec 1\u003e/tmp/user_data_log.out 2\u003e\u00261\n\nBelow variable is resolved during the rendering of the Terraform template file.\n\nInstalling Docker\nsudo yum install -y yum-utils\nsudo yum-config-manager --add-repo https://download.docker.com/linux/centos/docker-ce.repo\nsudo yum install -y docker-ce docker-ce-cli containerd.io docker-buildx-plugin docker-compose-plugin\n\nsudo systemctl start docker\nsudo systemctl enable docker\nsudo usermod -aG docker ec2-user\n\n# Install Terraform\nsudo yum install -y yum-utils\nsudo yum-config-manager --add-repo https://rpm.releases.hashicorp.com/RHEL/hashicorp.repo\nsudo yum -y install terraform\n\n# Install Docker\n# Add Docker's official GPG key:\n# sudo apt-get update\n# sudo apt-get install -y ca-certificates curl gnupg\n# sudo install -m 0755 -d /etc/apt/keyrings\n# curl -fsSL https://download.docker.com/linux/ubuntu/gpg | sudo gpg --dearmor -o /etc/apt/keyrings/docker.gpg\n# sudo chmod a+r /etc/apt/keyrings/docker.gpg\n\n# # Add the repository to Apt sources:\n# echo \\\n#   \"deb [arch=$(dpkg --print-architecture) signed-by=/etc/apt/keyrings/docker.gpg] https://download.docker.com/linux/ubuntu \\\n#   $(. /etc/os-release \u0026\u0026 echo \"$VERSION_CODENAME\") stable\" | \\\n#   sudo tee /etc/apt/sources.list.d/docker.list \u003e /dev/null\n# sudo apt-get update\n\n# sudo apt-get install -y docker-ce docker-ce-cli containerd.io docker-buildx-plugin docker-compose-plugin\n\n# ## Install Terraform\n# wget -O- https://apt.releases.hashicorp.com/gpg | \\\n# gpg --dearmor | \\\n# sudo tee /usr/share/keyrings/hashicorp-archive-keyring.gpg\n\n# gpg --no-default-keyring \\\n# --keyring /usr/share/keyrings/hashicorp-archive-keyring.gpg \\\n# --fingerprint\n\n\n# echo \"deb [signed-by=/usr/share/keyrings/hashicorp-archive-keyring.gpg] \\\n# https://apt.releases.hashicorp.com $(lsb_release -cs) main\" | \\\n# sudo tee /etc/apt/sources.list.d/hashicorp.list\n\n# sudo apt update\n# sudo apt-get install -y terraform\n\n# # Install Ansible\n\n# sudo apt install -y software-properties-common\n# sudo apt-add-repository --yes --update ppa:ansible/ansible\n# sudo apt install -y ansible\n\n\n# # Install AWS Cli\n# sudo apt-get install -y zip\n# curl \"https://awscli.amazonaws.com/awscli-exe-linux-x86_64.zip\" -o \"awscliv2.zip\"\n# unzip awscliv2.zip\n# sudo ./aws/install\n\n\n# # install botocore\n\n# ## Create HOL Users\n# github_repo=\"https://github.com/DeepakBomjan/devops.git\"\n\n# for i in {1..10}; do\n#     username=\"hol_user$i\"\n#     password=\"changeme\"\n\n#     # Check if the user already exists\n#     if id \"$username\" \u0026\u003e/dev/null; then\n#         echo \"User $username already exists.\"\n#     else\n#         # Create user with the specified username and set the password\n#         sudo useradd -m -s /bin/bash \"$username\"\n#         echo -e \"$password\\n$password\" | sudo passwd \"$username\"\n\n#         # Add user to the \"docker\" group\n#         sudo usermod -aG docker \"$username\"\n\n#         # Add user to the \"sudo\" group\n#         sudo usermod -aG sudo \"$username\"\n#         echo \"$username ALL=(ALL) NOPASSWD:ALL\" \u003e\u003e /etc/sudoers.d/90-home-lab-users\n\n#         # Clone the GitHub repository to the user's home directory\n#         sudo -u \"$username\" git clone \"$github_repo\" /home/\"$username\"/devops\n\n#         # Enable password authentication\n#         #  sed -i 's/no/yes/g' /etc/ssh/sshd_config.d/50-cloud-init.conf\n#         #  systemctl restart sshd\n#         echo \"User $username created with password $password, added to the 'docker' group, and repository cloned to the home directory.\"\n        \n#     fi\n# done\n\n\n",
            "template": "#!/bin/bash\nexec 3\u003e\u00261 4\u003e\u00262\ntrap 'exec 2\u003e\u00264 1\u003e\u00263' 0 1 2 3\nexec 1\u003e/tmp/user_data_log.out 2\u003e\u00261\n\nBelow variable is resolved during the rendering of the Terraform template file.\n\nInstalling Docker\nsudo yum install -y yum-utils\nsudo yum-config-manager --add-repo https://download.docker.com/linux/centos/docker-ce.repo\nsudo yum install -y docker-ce docker-ce-cli containerd.io docker-buildx-plugin docker-compose-plugin\n\nsudo systemctl start docker\nsudo systemctl enable docker\nsudo usermod -aG docker ec2-user\n\n# Install Terraform\nsudo yum install -y yum-utils\nsudo yum-config-manager --add-repo https://rpm.releases.hashicorp.com/RHEL/hashicorp.repo\nsudo yum -y install terraform\n\n# Install Docker\n# Add Docker's official GPG key:\n# sudo apt-get update\n# sudo apt-get install -y ca-certificates curl gnupg\n# sudo install -m 0755 -d /etc/apt/keyrings\n# curl -fsSL https://download.docker.com/linux/ubuntu/gpg | sudo gpg --dearmor -o /etc/apt/keyrings/docker.gpg\n# sudo chmod a+r /etc/apt/keyrings/docker.gpg\n\n# # Add the repository to Apt sources:\n# echo \\\n#   \"deb [arch=$(dpkg --print-architecture) signed-by=/etc/apt/keyrings/docker.gpg] https://download.docker.com/linux/ubuntu \\\n#   $(. /etc/os-release \u0026\u0026 echo \"$VERSION_CODENAME\") stable\" | \\\n#   sudo tee /etc/apt/sources.list.d/docker.list \u003e /dev/null\n# sudo apt-get update\n\n# sudo apt-get install -y docker-ce docker-ce-cli containerd.io docker-buildx-plugin docker-compose-plugin\n\n# ## Install Terraform\n# wget -O- https://apt.releases.hashicorp.com/gpg | \\\n# gpg --dearmor | \\\n# sudo tee /usr/share/keyrings/hashicorp-archive-keyring.gpg\n\n# gpg --no-default-keyring \\\n# --keyring /usr/share/keyrings/hashicorp-archive-keyring.gpg \\\n# --fingerprint\n\n\n# echo \"deb [signed-by=/usr/share/keyrings/hashicorp-archive-keyring.gpg] \\\n# https://apt.releases.hashicorp.com $(lsb_release -cs) main\" | \\\n# sudo tee /etc/apt/sources.list.d/hashicorp.list\n\n# sudo apt update\n# sudo apt-get install -y terraform\n\n# # Install Ansible\n\n# sudo apt install -y software-properties-common\n# sudo apt-add-repository --yes --update ppa:ansible/ansible\n# sudo apt install -y ansible\n\n\n# # Install AWS Cli\n# sudo apt-get install -y zip\n# curl \"https://awscli.amazonaws.com/awscli-exe-linux-x86_64.zip\" -o \"awscliv2.zip\"\n# unzip awscliv2.zip\n# sudo ./aws/install\n\n\n# # install botocore\n\n# ## Create HOL Users\n# github_repo=\"https://github.com/DeepakBomjan/devops.git\"\n\n# for i in {1..10}; do\n#     username=\"hol_user$i\"\n#     password=\"changeme\"\n\n#     # Check if the user already exists\n#     if id \"$username\" \u0026\u003e/dev/null; then\n#         echo \"User $username already exists.\"\n#     else\n#         # Create user with the specified username and set the password\n#         sudo useradd -m -s /bin/bash \"$username\"\n#         echo -e \"$password\\n$password\" | sudo passwd \"$username\"\n\n#         # Add user to the \"docker\" group\n#         sudo usermod -aG docker \"$username\"\n\n#         # Add user to the \"sudo\" group\n#         sudo usermod -aG sudo \"$username\"\n#         echo \"$username ALL=(ALL) NOPASSWD:ALL\" \u003e\u003e /etc/sudoers.d/90-home-lab-users\n\n#         # Clone the GitHub repository to the user's home directory\n#         sudo -u \"$username\" git clone \"$github_repo\" /home/\"$username\"/devops\n\n#         # Enable password authentication\n#         #  sed -i 's/no/yes/g' /etc/ssh/sshd_config.d/50-cloud-init.conf\n#         #  systemctl restart sshd\n#         echo \"User $username created with password $password, added to the 'docker' group, and repository cloned to the home directory.\"\n        \n#     fi\n# done\n\n\n",
            "vars": null
          },
          "sensitive_attributes": []
        }
      ]
    },
    {
      "mode": "managed",
      "type": "aws_instance",
      "name": "hol-machine",
      "provider": "provider[\"registry.terraform.io/hashicorp/aws\"]",
      "instances": [
        {
          "index_key": 0,
          "schema_version": 1,
          "attributes": {
            "ami": "ami-027a754129abb5386",
            "arn": "arn:aws:ec2:us-east-1:801128757205:instance/i-0c505af440133f346",
            "associate_public_ip_address": true,
            "availability_zone": "us-east-1b",
            "capacity_reservation_specification": [
              {
                "capacity_reservation_preference": "open",
                "capacity_reservation_target": []
              }
            ],
            "cpu_core_count": 1,
            "cpu_options": [
              {
                "amd_sev_snp": "",
                "core_count": 1,
                "threads_per_core": 2
              }
            ],
            "cpu_threads_per_core": 2,
            "credit_specification": [
              {
                "cpu_credits": "unlimited"
              }
            ],
            "disable_api_stop": false,
            "disable_api_termination": false,
            "ebs_block_device": [],
            "ebs_optimized": false,
            "enclave_options": [
              {
                "enabled": false
              }
            ],
            "ephemeral_block_device": [],
            "get_password_data": false,
            "hibernation": false,
            "host_id": "",
            "host_resource_group_arn": null,
            "iam_instance_profile": "",
            "id": "i-0c505af440133f346",
            "instance_initiated_shutdown_behavior": "stop",
            "instance_lifecycle": "",
            "instance_market_options": [],
            "instance_state": "running",
            "instance_type": "t3.medium",
            "ipv6_address_count": 0,
            "ipv6_addresses": [],
            "key_name": "hol_user_key",
            "launch_template": [],
            "maintenance_options": [
              {
                "auto_recovery": "default"
              }
            ],
            "metadata_options": [
              {
                "http_endpoint": "enabled",
                "http_protocol_ipv6": "disabled",
                "http_put_response_hop_limit": 1,
                "http_tokens": "optional",
                "instance_metadata_tags": "disabled"
              }
            ],
            "monitoring": false,
            "network_interface": [],
            "outpost_arn": "",
            "password_data": "",
            "placement_group": "",
            "placement_partition_number": 0,
            "primary_network_interface_id": "eni-05f4c755e1af67532",
            "private_dns": "ip-172-31-46-215.ec2.internal",
            "private_dns_name_options": [
              {
                "enable_resource_name_dns_a_record": false,
                "enable_resource_name_dns_aaaa_record": false,
                "hostname_type": "ip-name"
              }
            ],
            "private_ip": "172.31.46.215",
            "public_dns": "ec2-18-212-128-62.compute-1.amazonaws.com",
            "public_ip": "18.212.128.62",
            "root_block_device": [
              {
                "delete_on_termination": true,
                "device_name": "/dev/sda1",
                "encrypted": true,
                "iops": 100,
                "kms_key_id": "arn:aws:kms:us-east-1:801128757205:key/43131018-e387-4bc2-a75d-f7de6ce6cf4e",
                "tags": {},
                "throughput": 0,
                "volume_id": "vol-07e62f5b7a45c9409",
                "volume_size": 8,
                "volume_type": "gp2"
              }
            ],
            "secondary_private_ips": [],
            "security_groups": [
              "hol-machine-sg"
            ],
            "source_dest_check": true,
            "spot_instance_request_id": "",
            "subnet_id": "subnet-0641a726ae103c990",
            "tags": {
              "Environment": "Testing",
              "Name": "hol-machine-1",
              "Project": "DevOps"
            },
            "tags_all": {
              "Environment": "Testing",
              "Name": "hol-machine-1",
              "Project": "DevOps"
            },
            "tenancy": "default",
            "timeouts": null,
            "user_data": "33efd7acb1177974fe7a8f7fdc9041a3ca6903d9",
            "user_data_base64": null,
            "user_data_replace_on_change": false,
            "volume_tags": null,
            "vpc_security_group_ids": [
              "sg-0ab105a5394ba1d82"
            ]
          },
          "sensitive_attributes": [],
          "private": "eyJlMmJmYjczMC1lY2FhLTExZTYtOGY4OC0zNDM2M2JjN2M0YzAiOnsiY3JlYXRlIjo2MDAwMDAwMDAwMDAsImRlbGV0ZSI6MTIwMDAwMDAwMDAwMCwidXBkYXRlIjo2MDAwMDAwMDAwMDB9LCJzY2hlbWFfdmVyc2lvbiI6IjEifQ==",
          "dependencies": [
            "aws_security_group.hol-machine",
            "data.aws_ami.ubuntu",
            "data.template_file.init_script"
          ]
        },
        {
          "index_key": 1,
          "schema_version": 1,
          "attributes": {
            "ami": "ami-027a754129abb5386",
            "arn": "arn:aws:ec2:us-east-1:801128757205:instance/i-0b77a4fe9ed8f1a5b",
            "associate_public_ip_address": true,
            "availability_zone": "us-east-1b",
            "capacity_reservation_specification": [
              {
                "capacity_reservation_preference": "open",
                "capacity_reservation_target": []
              }
            ],
            "cpu_core_count": 1,
            "cpu_options": [
              {
                "amd_sev_snp": "",
                "core_count": 1,
                "threads_per_core": 2
              }
            ],
            "cpu_threads_per_core": 2,
            "credit_specification": [
              {
                "cpu_credits": "unlimited"
              }
            ],
            "disable_api_stop": false,
            "disable_api_termination": false,
            "ebs_block_device": [],
            "ebs_optimized": false,
            "enclave_options": [
              {
                "enabled": false
              }
            ],
            "ephemeral_block_device": [],
            "get_password_data": false,
            "hibernation": false,
            "host_id": "",
            "host_resource_group_arn": null,
            "iam_instance_profile": "",
            "id": "i-0b77a4fe9ed8f1a5b",
            "instance_initiated_shutdown_behavior": "stop",
            "instance_lifecycle": "",
            "instance_market_options": [],
            "instance_state": "running",
            "instance_type": "t3.medium",
            "ipv6_address_count": 0,
            "ipv6_addresses": [],
            "key_name": "hol_user_key",
            "launch_template": [],
            "maintenance_options": [
              {
                "auto_recovery": "default"
              }
            ],
            "metadata_options": [
              {
                "http_endpoint": "enabled",
                "http_protocol_ipv6": "disabled",
                "http_put_response_hop_limit": 1,
                "http_tokens": "optional",
                "instance_metadata_tags": "disabled"
              }
            ],
            "monitoring": false,
            "network_interface": [],
            "outpost_arn": "",
            "password_data": "",
            "placement_group": "",
            "placement_partition_number": 0,
            "primary_network_interface_id": "eni-0078e2a791586ce22",
            "private_dns": "ip-172-31-32-45.ec2.internal",
            "private_dns_name_options": [
              {
                "enable_resource_name_dns_a_record": false,
                "enable_resource_name_dns_aaaa_record": false,
                "hostname_type": "ip-name"
              }
            ],
            "private_ip": "172.31.32.45",
            "public_dns": "ec2-54-162-111-46.compute-1.amazonaws.com",
            "public_ip": "54.162.111.46",
            "root_block_device": [
              {
                "delete_on_termination": true,
                "device_name": "/dev/sda1",
                "encrypted": true,
                "iops": 100,
                "kms_key_id": "arn:aws:kms:us-east-1:801128757205:key/43131018-e387-4bc2-a75d-f7de6ce6cf4e",
                "tags": {},
                "throughput": 0,
                "volume_id": "vol-079da8c036d630f22",
                "volume_size": 8,
                "volume_type": "gp2"
              }
            ],
            "secondary_private_ips": [],
            "security_groups": [
              "hol-machine-sg"
            ],
            "source_dest_check": true,
            "spot_instance_request_id": "",
            "subnet_id": "subnet-0641a726ae103c990",
            "tags": {
              "Environment": "Testing",
              "Name": "hol-machine-2",
              "Project": "DevOps"
            },
            "tags_all": {
              "Environment": "Testing",
              "Name": "hol-machine-2",
              "Project": "DevOps"
            },
            "tenancy": "default",
            "timeouts": null,
            "user_data": "33efd7acb1177974fe7a8f7fdc9041a3ca6903d9",
            "user_data_base64": null,
            "user_data_replace_on_change": false,
            "volume_tags": null,
            "vpc_security_group_ids": [
              "sg-0ab105a5394ba1d82"
            ]
          },
          "sensitive_attributes": [],
          "private": "eyJlMmJmYjczMC1lY2FhLTExZTYtOGY4OC0zNDM2M2JjN2M0YzAiOnsiY3JlYXRlIjo2MDAwMDAwMDAwMDAsImRlbGV0ZSI6MTIwMDAwMDAwMDAwMCwidXBkYXRlIjo2MDAwMDAwMDAwMDB9LCJzY2hlbWFfdmVyc2lvbiI6IjEifQ==",
          "dependencies": [
            "aws_security_group.hol-machine",
            "data.aws_ami.ubuntu",
            "data.template_file.init_script"
          ]
        },
        {
          "index_key": 2,
          "schema_version": 1,
          "attributes": {
            "ami": "ami-027a754129abb5386",
            "arn": "arn:aws:ec2:us-east-1:801128757205:instance/i-06f4537ce3a91f32f",
            "associate_public_ip_address": true,
            "availability_zone": "us-east-1b",
            "capacity_reservation_specification": [
              {
                "capacity_reservation_preference": "open",
                "capacity_reservation_target": []
              }
            ],
            "cpu_core_count": 1,
            "cpu_options": [
              {
                "amd_sev_snp": "",
                "core_count": 1,
                "threads_per_core": 2
              }
            ],
            "cpu_threads_per_core": 2,
            "credit_specification": [
              {
                "cpu_credits": "unlimited"
              }
            ],
            "disable_api_stop": false,
            "disable_api_termination": false,
            "ebs_block_device": [],
            "ebs_optimized": false,
            "enclave_options": [
              {
                "enabled": false
              }
            ],
            "ephemeral_block_device": [],
            "get_password_data": false,
            "hibernation": false,
            "host_id": "",
            "host_resource_group_arn": null,
            "iam_instance_profile": "",
            "id": "i-06f4537ce3a91f32f",
            "instance_initiated_shutdown_behavior": "stop",
            "instance_lifecycle": "",
            "instance_market_options": [],
            "instance_state": "running",
            "instance_type": "t3.medium",
            "ipv6_address_count": 0,
            "ipv6_addresses": [],
            "key_name": "hol_user_key",
            "launch_template": [],
            "maintenance_options": [
              {
                "auto_recovery": "default"
              }
            ],
            "metadata_options": [
              {
                "http_endpoint": "enabled",
                "http_protocol_ipv6": "disabled",
                "http_put_response_hop_limit": 1,
                "http_tokens": "optional",
                "instance_metadata_tags": "disabled"
              }
            ],
            "monitoring": false,
            "network_interface": [],
            "outpost_arn": "",
            "password_data": "",
            "placement_group": "",
            "placement_partition_number": 0,
            "primary_network_interface_id": "eni-02679a77d190d1569",
            "private_dns": "ip-172-31-45-15.ec2.internal",
            "private_dns_name_options": [
              {
                "enable_resource_name_dns_a_record": false,
                "enable_resource_name_dns_aaaa_record": false,
                "hostname_type": "ip-name"
              }
            ],
            "private_ip": "172.31.45.15",
            "public_dns": "ec2-35-153-203-63.compute-1.amazonaws.com",
            "public_ip": "35.153.203.63",
            "root_block_device": [
              {
                "delete_on_termination": true,
                "device_name": "/dev/sda1",
                "encrypted": true,
                "iops": 100,
                "kms_key_id": "arn:aws:kms:us-east-1:801128757205:key/43131018-e387-4bc2-a75d-f7de6ce6cf4e",
                "tags": {},
                "throughput": 0,
                "volume_id": "vol-07094bb016ff0be06",
                "volume_size": 8,
                "volume_type": "gp2"
              }
            ],
            "secondary_private_ips": [],
            "security_groups": [
              "hol-machine-sg"
            ],
            "source_dest_check": true,
            "spot_instance_request_id": "",
            "subnet_id": "subnet-0641a726ae103c990",
            "tags": {
              "Environment": "Testing",
              "Name": "hol-machine-3",
              "Project": "DevOps"
            },
            "tags_all": {
              "Environment": "Testing",
              "Name": "hol-machine-3",
              "Project": "DevOps"
            },
            "tenancy": "default",
            "timeouts": null,
            "user_data": "33efd7acb1177974fe7a8f7fdc9041a3ca6903d9",
            "user_data_base64": null,
            "user_data_replace_on_change": false,
            "volume_tags": null,
            "vpc_security_group_ids": [
              "sg-0ab105a5394ba1d82"
            ]
          },
          "sensitive_attributes": [],
          "private": "eyJlMmJmYjczMC1lY2FhLTExZTYtOGY4OC0zNDM2M2JjN2M0YzAiOnsiY3JlYXRlIjo2MDAwMDAwMDAwMDAsImRlbGV0ZSI6MTIwMDAwMDAwMDAwMCwidXBkYXRlIjo2MDAwMDAwMDAwMDB9LCJzY2hlbWFfdmVyc2lvbiI6IjEifQ==",
          "dependencies": [
            "aws_security_group.hol-machine",
            "data.aws_ami.ubuntu",
            "data.template_file.init_script"
          ]
        },
        {
          "index_key": 3,
          "schema_version": 1,
          "attributes": {
            "ami": "ami-027a754129abb5386",
            "arn": "arn:aws:ec2:us-east-1:801128757205:instance/i-014ff5bdf0c862698",
            "associate_public_ip_address": true,
            "availability_zone": "us-east-1b",
            "capacity_reservation_specification": [
              {
                "capacity_reservation_preference": "open",
                "capacity_reservation_target": []
              }
            ],
            "cpu_core_count": 1,
            "cpu_options": [
              {
                "amd_sev_snp": "",
                "core_count": 1,
                "threads_per_core": 2
              }
            ],
            "cpu_threads_per_core": 2,
            "credit_specification": [
              {
                "cpu_credits": "unlimited"
              }
            ],
            "disable_api_stop": false,
            "disable_api_termination": false,
            "ebs_block_device": [],
            "ebs_optimized": false,
            "enclave_options": [
              {
                "enabled": false
              }
            ],
            "ephemeral_block_device": [],
            "get_password_data": false,
            "hibernation": false,
            "host_id": "",
            "host_resource_group_arn": null,
            "iam_instance_profile": "",
            "id": "i-014ff5bdf0c862698",
            "instance_initiated_shutdown_behavior": "stop",
            "instance_lifecycle": "",
            "instance_market_options": [],
            "instance_state": "running",
            "instance_type": "t3.medium",
            "ipv6_address_count": 0,
            "ipv6_addresses": [],
            "key_name": "hol_user_key",
            "launch_template": [],
            "maintenance_options": [
              {
                "auto_recovery": "default"
              }
            ],
            "metadata_options": [
              {
                "http_endpoint": "enabled",
                "http_protocol_ipv6": "disabled",
                "http_put_response_hop_limit": 1,
                "http_tokens": "optional",
                "instance_metadata_tags": "disabled"
              }
            ],
            "monitoring": false,
            "network_interface": [],
            "outpost_arn": "",
            "password_data": "",
            "placement_group": "",
            "placement_partition_number": 0,
            "primary_network_interface_id": "eni-0f4b2553911ce5e3c",
            "private_dns": "ip-172-31-46-87.ec2.internal",
            "private_dns_name_options": [
              {
                "enable_resource_name_dns_a_record": false,
                "enable_resource_name_dns_aaaa_record": false,
                "hostname_type": "ip-name"
              }
            ],
            "private_ip": "172.31.46.87",
            "public_dns": "ec2-54-166-179-5.compute-1.amazonaws.com",
            "public_ip": "54.166.179.5",
            "root_block_device": [
              {
                "delete_on_termination": true,
                "device_name": "/dev/sda1",
                "encrypted": true,
                "iops": 100,
                "kms_key_id": "arn:aws:kms:us-east-1:801128757205:key/43131018-e387-4bc2-a75d-f7de6ce6cf4e",
                "tags": {},
                "throughput": 0,
                "volume_id": "vol-05177d61816f618d1",
                "volume_size": 8,
                "volume_type": "gp2"
              }
            ],
            "secondary_private_ips": [],
            "security_groups": [
              "hol-machine-sg"
            ],
            "source_dest_check": true,
            "spot_instance_request_id": "",
            "subnet_id": "subnet-0641a726ae103c990",
            "tags": {
              "Environment": "Testing",
              "Name": "hol-machine-4",
              "Project": "DevOps"
            },
            "tags_all": {
              "Environment": "Testing",
              "Name": "hol-machine-4",
              "Project": "DevOps"
            },
            "tenancy": "default",
            "timeouts": null,
            "user_data": "33efd7acb1177974fe7a8f7fdc9041a3ca6903d9",
            "user_data_base64": null,
            "user_data_replace_on_change": false,
            "volume_tags": null,
            "vpc_security_group_ids": [
              "sg-0ab105a5394ba1d82"
            ]
          },
          "sensitive_attributes": [],
          "private": "eyJlMmJmYjczMC1lY2FhLTExZTYtOGY4OC0zNDM2M2JjN2M0YzAiOnsiY3JlYXRlIjo2MDAwMDAwMDAwMDAsImRlbGV0ZSI6MTIwMDAwMDAwMDAwMCwidXBkYXRlIjo2MDAwMDAwMDAwMDB9LCJzY2hlbWFfdmVyc2lvbiI6IjEifQ==",
          "dependencies": [
            "aws_security_group.hol-machine",
            "data.aws_ami.ubuntu",
            "data.template_file.init_script"
          ]
        },
        {
          "index_key": 4,
          "schema_version": 1,
          "attributes": {
            "ami": "ami-027a754129abb5386",
            "arn": "arn:aws:ec2:us-east-1:801128757205:instance/i-0fb38f8f9e47dc1b6",
            "associate_public_ip_address": true,
            "availability_zone": "us-east-1b",
            "capacity_reservation_specification": [
              {
                "capacity_reservation_preference": "open",
                "capacity_reservation_target": []
              }
            ],
            "cpu_core_count": 1,
            "cpu_options": [
              {
                "amd_sev_snp": "",
                "core_count": 1,
                "threads_per_core": 2
              }
            ],
            "cpu_threads_per_core": 2,
            "credit_specification": [
              {
                "cpu_credits": "unlimited"
              }
            ],
            "disable_api_stop": false,
            "disable_api_termination": false,
            "ebs_block_device": [],
            "ebs_optimized": false,
            "enclave_options": [
              {
                "enabled": false
              }
            ],
            "ephemeral_block_device": [],
            "get_password_data": false,
            "hibernation": false,
            "host_id": "",
            "host_resource_group_arn": null,
            "iam_instance_profile": "",
            "id": "i-0fb38f8f9e47dc1b6",
            "instance_initiated_shutdown_behavior": "stop",
            "instance_lifecycle": "",
            "instance_market_options": [],
            "instance_state": "running",
            "instance_type": "t3.medium",
            "ipv6_address_count": 0,
            "ipv6_addresses": [],
            "key_name": "hol_user_key",
            "launch_template": [],
            "maintenance_options": [
              {
                "auto_recovery": "default"
              }
            ],
            "metadata_options": [
              {
                "http_endpoint": "enabled",
                "http_protocol_ipv6": "disabled",
                "http_put_response_hop_limit": 1,
                "http_tokens": "optional",
                "instance_metadata_tags": "disabled"
              }
            ],
            "monitoring": false,
            "network_interface": [],
            "outpost_arn": "",
            "password_data": "",
            "placement_group": "",
            "placement_partition_number": 0,
            "primary_network_interface_id": "eni-072c247c49c79c06c",
            "private_dns": "ip-172-31-46-252.ec2.internal",
            "private_dns_name_options": [
              {
                "enable_resource_name_dns_a_record": false,
                "enable_resource_name_dns_aaaa_record": false,
                "hostname_type": "ip-name"
              }
            ],
            "private_ip": "172.31.46.252",
            "public_dns": "ec2-34-229-225-136.compute-1.amazonaws.com",
            "public_ip": "34.229.225.136",
            "root_block_device": [
              {
                "delete_on_termination": true,
                "device_name": "/dev/sda1",
                "encrypted": true,
                "iops": 100,
                "kms_key_id": "arn:aws:kms:us-east-1:801128757205:key/43131018-e387-4bc2-a75d-f7de6ce6cf4e",
                "tags": {},
                "throughput": 0,
                "volume_id": "vol-0b6715103b4e90d36",
                "volume_size": 8,
                "volume_type": "gp2"
              }
            ],
            "secondary_private_ips": [],
            "security_groups": [
              "hol-machine-sg"
            ],
            "source_dest_check": true,
            "spot_instance_request_id": "",
            "subnet_id": "subnet-0641a726ae103c990",
            "tags": {
              "Environment": "Testing",
              "Name": "hol-machine-5",
              "Project": "DevOps"
            },
            "tags_all": {
              "Environment": "Testing",
              "Name": "hol-machine-5",
              "Project": "DevOps"
            },
            "tenancy": "default",
            "timeouts": null,
            "user_data": "33efd7acb1177974fe7a8f7fdc9041a3ca6903d9",
            "user_data_base64": null,
            "user_data_replace_on_change": false,
            "volume_tags": null,
            "vpc_security_group_ids": [
              "sg-0ab105a5394ba1d82"
            ]
          },
          "sensitive_attributes": [],
          "private": "eyJlMmJmYjczMC1lY2FhLTExZTYtOGY4OC0zNDM2M2JjN2M0YzAiOnsiY3JlYXRlIjo2MDAwMDAwMDAwMDAsImRlbGV0ZSI6MTIwMDAwMDAwMDAwMCwidXBkYXRlIjo2MDAwMDAwMDAwMDB9LCJzY2hlbWFfdmVyc2lvbiI6IjEifQ==",
          "dependencies": [
            "aws_security_group.hol-machine",
            "data.aws_ami.ubuntu",
            "data.template_file.init_script"
          ]
        }
      ]
    },
    {
      "mode": "managed",
      "type": "aws_key_pair",
      "name": "hol_user_key",
      "provider": "provider[\"registry.terraform.io/hashicorp/aws\"]",
      "instances": [
        {
          "schema_version": 1,
          "attributes": {
            "arn": "arn:aws:ec2:us-east-1:801128757205:key-pair/hol_user_key",
            "fingerprint": "cc:4a:e0:f3:b0:67:b9:09:76:fb:da:af:22:7b:b0:c2",
            "id": "hol_user_key",
            "key_name": "hol_user_key",
            "key_name_prefix": "",
            "key_pair_id": "key-0567138251377b102",
            "key_type": "rsa",
            "public_key": "ssh-rsa AAAAB3NzaC1yc2EAAAADAQABAAABgQC9RL8eLP8yUzpD4yNkvDpjPhY9bF5MJ6C7dwvD/reCtYXqvpePjCx4ue/V24yVigv7Ls7UBBAQfC1vNs16JVRi6vR96ZucCxz5KD6J7fSBz0giKtlNmLcMNr+q7EnsFMF+M7R8UeFTu82uU1I7zI+2ei6fWiO8P4ovnJLnapya0FDroJIqFa9oQ0NukICEFFrD1rsxMJyBgHzmAO0QTWZs3dZpSR/b7DRHBVR5h6Jva1E6EK5kNIEePCLWJwEsy1y6LEVhE2x1NkeWTUo7UlAMAIL+GF6aSfOYb1rGwYTBtN2OvdbvuiwumDBsVYHPOL0Iwt9OQZsomyUMn5rKu72VtAc7qsjixEXEcjwfUUbLglTYVBKVVWy82agaifqd9D+nhvhMIEnw8+p38TK5f5ZgPzJAkOPYjytapUK1d/M/eUutqOIHfJuq55JN+qsTIay6toQCza/8PhMaemC4j+stf2GIcVyLISmQLLTQ4XJSQA4jNe4hJFVMxCAb3diUJic= logpoint@Logpoints-MacBook-Pro.local",
            "tags": null,
            "tags_all": {}
          },
          "sensitive_attributes": [],
          "private": "eyJzY2hlbWFfdmVyc2lvbiI6IjEifQ=="
        }
      ]
    },
    {
      "mode": "managed",
      "type": "aws_security_group",
      "name": "hol-machine",
      "provider": "provider[\"registry.terraform.io/hashicorp/aws\"]",
      "instances": [
        {
          "schema_version": 1,
          "attributes": {
            "arn": "arn:aws:ec2:us-east-1:801128757205:security-group/sg-0ab105a5394ba1d82",
            "description": "Security group for HOL instances",
            "egress": [
              {
                "cidr_blocks": [
                  "0.0.0.0/0"
                ],
                "description": "",
                "from_port": 0,
                "ipv6_cidr_blocks": [],
                "prefix_list_ids": [],
                "protocol": "-1",
                "security_groups": [],
                "self": false,
                "to_port": 0
              }
            ],
            "id": "sg-0ab105a5394ba1d82",
            "ingress": [
              {
                "cidr_blocks": [
                  "0.0.0.0/0"
                ],
                "description": "",
                "from_port": 0,
                "ipv6_cidr_blocks": [],
                "prefix_list_ids": [],
                "protocol": "-1",
                "security_groups": [],
                "self": false,
                "to_port": 0
              }
            ],
            "name": "hol-machine-sg",
            "name_prefix": "",
            "owner_id": "801128757205",
            "revoke_rules_on_delete": false,
            "tags": null,
            "tags_all": {},
            "timeouts": null,
            "vpc_id": "vpc-0a0155d37533111cc"
          },
          "sensitive_attributes": [],
          "private": "eyJlMmJmYjczMC1lY2FhLTExZTYtOGY4OC0zNDM2M2JjN2M0YzAiOnsiY3JlYXRlIjo2MDAwMDAwMDAwMDAsImRlbGV0ZSI6OTAwMDAwMDAwMDAwfSwic2NoZW1hX3ZlcnNpb24iOiIxIn0="
        }
      ]
    }
  ],
  "check_results": null
}
